schema: '2.0'
stages:
  extract:
    cmd: uv run python src/app/extract.py --input 
      data/raw/documents/2402.14887v4.pdf --output data/processed/extracted
    deps:
    - path: data/raw/documents/2402.14887v4.pdf
      hash: md5
      md5: b74c219cf32c9f0fa128118c3bacf0c2
      size: 222042
    - path: src/app/extract.py
      hash: md5
      md5: 6a7eda28ed8e8da136afe49ef62fc69f
      size: 11419
    outs:
    - path: data/processed/extracted
      hash: md5
      md5: ad2db27bfd86b79642e58bcab14e04cd.dir
      size: 4785732
      nfiles: 5
  chunk:
    cmd: python3 src/app/chunk.py \ --input data/processed/extracted \ --output 
      data/processed/chunks
    deps:
    - path: data/processed/extracted
      hash: md5
      md5: d751713988987e9331980363e24189ce.dir
      size: 0
      nfiles: 0
    - path: src/app/chunk.py
      hash: md5
      md5: 814e0e717fd147d25b9bd91068c51096
      size: 318
    outs:
    - path: data/processed/chunks
      hash: md5
      md5: d751713988987e9331980363e24189ce.dir
      size: 0
      nfiles: 0
